
Microsoft Visual Studio Solution File, Format Version 12.00
# Visual Studio 15
VisualStudioVersion = 15.0.28307.271
MinimumVisualStudioVersion = 10.0.40219.1
Project("{FAE04EC0-301F-11D3-BF4B-00C04F79EFBC}") = "ProjetoTeste", "ProjetoTeste\ProjetoTeste.csproj", "{EF72DF5D-E8FD-4D11-BF28-EB58C393FC2D}"
EndProject
Global
	GlobalSection(SolutionConfigurationPlatforms) = preSolution
		Debug|Any CPU = Debug|Any CPU
		Release|Any CPU = Release|Any CPU
	EndGlobalSection
	GlobalSection(ProjectConfigurationPlatforms) = postSolution
		{EF72DF5D-E8FD-4D11-BF28-EB58C393FC2D}.Debug|Any CPU.ActiveCfg = Debug|Any CPU
		{EF72DF5D-E8FD-4D11-BF28-EB58C393FC2D}.Debug|Any CPU.Build.0 = Debug|Any CPU
		{EF72DF5D-E8FD-4D11-BF28-EB58C393FC2D}.Release|Any CPU.ActiveCfg = Release|Any CPU
		{EF72DF5D-E8FD-4D11-BF28-EB58C393FC2D}.Release|Any CPU.Build.0 = Release|Any CPU
	EndGlobalSection
	GlobalSection(SolutionProperties) = preSolution
		HideSolutionNode = FALSE
	EndGlobalSection
	GlobalSection(ExtensibilityGlobals) = postSolution
		SolutionGuid = {49B2E362-9BFD-455B-AEEA-747C81F727DF}
	EndGlobalSection
EndGlobal
